
Microsoft Visual Studio Solution File, Format Version 12.00
# Visual Studio 14
VisualStudioVersion = 14.0.25420.1
MinimumVisualStudioVersion = 10.0.40219.1
Project("{FAE04EC0-301F-11D3-BF4B-00C04F79EFBC}") = "Bai265", "Bai265\Bai265.csproj", "{7C763404-840F-4688-9E1F-57F9181CD633}"
EndProject
Global
	GlobalSection(SolutionConfigurationPlatforms) = preSolution
		Debug|Any CPU = Debug|Any CPU
		Release|Any CPU = Release|Any CPU
	EndGlobalSection
	GlobalSection(ProjectConfigurationPlatforms) = postSolution
		{7C763404-840F-4688-9E1F-57F9181CD633}.Debug|Any CPU.ActiveCfg = Debug|Any CPU
		{7C763404-840F-4688-9E1F-57F9181CD633}.Debug|Any CPU.Build.0 = Debug|Any CPU
		{7C763404-840F-4688-9E1F-57F9181CD633}.Release|Any CPU.ActiveCfg = Release|Any CPU
		{7C763404-840F-4688-9E1F-57F9181CD633}.Release|Any CPU.Build.0 = Release|Any CPU
	EndGlobalSection
	GlobalSection(SolutionProperties) = preSolution
		HideSolutionNode = FALSE
	EndGlobalSection
EndGlobal
