
Microsoft Visual Studio Solution File, Format Version 12.00
# Visual Studio 14
VisualStudioVersion = 14.0.25420.1
MinimumVisualStudioVersion = 10.0.40219.1
Project("{FAE04EC0-301F-11D3-BF4B-00C04F79EFBC}") = "Bai209", "Bai209\Bai209.csproj", "{B6F3A8BB-1F01-4C5A-8B8E-EE26A32AE692}"
EndProject
Global
	GlobalSection(SolutionConfigurationPlatforms) = preSolution
		Debug|Any CPU = Debug|Any CPU
		Release|Any CPU = Release|Any CPU
	EndGlobalSection
	GlobalSection(ProjectConfigurationPlatforms) = postSolution
		{B6F3A8BB-1F01-4C5A-8B8E-EE26A32AE692}.Debug|Any CPU.ActiveCfg = Debug|Any CPU
		{B6F3A8BB-1F01-4C5A-8B8E-EE26A32AE692}.Debug|Any CPU.Build.0 = Debug|Any CPU
		{B6F3A8BB-1F01-4C5A-8B8E-EE26A32AE692}.Release|Any CPU.ActiveCfg = Release|Any CPU
		{B6F3A8BB-1F01-4C5A-8B8E-EE26A32AE692}.Release|Any CPU.Build.0 = Release|Any CPU
	EndGlobalSection
	GlobalSection(SolutionProperties) = preSolution
		HideSolutionNode = FALSE
	EndGlobalSection
EndGlobal
