
Microsoft Visual Studio Solution File, Format Version 12.00
# Visual Studio 14
VisualStudioVersion = 14.0.25420.1
MinimumVisualStudioVersion = 10.0.40219.1
Project("{FAE04EC0-301F-11D3-BF4B-00C04F79EFBC}") = "Bai213", "Bai213\Bai213.csproj", "{BEF2E63C-76BF-4A4E-8756-E27E03ECAB20}"
EndProject
Global
	GlobalSection(SolutionConfigurationPlatforms) = preSolution
		Debug|Any CPU = Debug|Any CPU
		Release|Any CPU = Release|Any CPU
	EndGlobalSection
	GlobalSection(ProjectConfigurationPlatforms) = postSolution
		{BEF2E63C-76BF-4A4E-8756-E27E03ECAB20}.Debug|Any CPU.ActiveCfg = Debug|Any CPU
		{BEF2E63C-76BF-4A4E-8756-E27E03ECAB20}.Debug|Any CPU.Build.0 = Debug|Any CPU
		{BEF2E63C-76BF-4A4E-8756-E27E03ECAB20}.Release|Any CPU.ActiveCfg = Release|Any CPU
		{BEF2E63C-76BF-4A4E-8756-E27E03ECAB20}.Release|Any CPU.Build.0 = Release|Any CPU
	EndGlobalSection
	GlobalSection(SolutionProperties) = preSolution
		HideSolutionNode = FALSE
	EndGlobalSection
EndGlobal
